// !$*UTF8*$!
{
	archiveVersion = 1;
	classes = {
	};
	objectVersion = 46;
	objects = {

/* Begin PBXBuildFile section */
		A035D57694163CAFC89153A4 /* Pods_Nooot.framework in Frameworks */ = {isa = PBXBuildFile; fileRef = 6872930B57557BB47224EF8D /* Pods_Nooot.framework */; };
		FA1282292039B051000C50D0 /* Dates.swift in Sources */ = {isa = PBXBuildFile; fileRef = FA1282282039B051000C50D0 /* Dates.swift */; };
		FA2573551F49B257008CDDFF /* AppDelegate.swift in Sources */ = {isa = PBXBuildFile; fileRef = FA2573541F49B257008CDDFF /* AppDelegate.swift */; };
		FA25735A1F49B258008CDDFF /* Main.storyboard in Resources */ = {isa = PBXBuildFile; fileRef = FA2573581F49B258008CDDFF /* Main.storyboard */; };
		FA25735C1F49B258008CDDFF /* Assets.xcassets in Resources */ = {isa = PBXBuildFile; fileRef = FA25735B1F49B258008CDDFF /* Assets.xcassets */; };
		FA25735F1F49B258008CDDFF /* LaunchScreen.storyboard in Resources */ = {isa = PBXBuildFile; fileRef = FA25735D1F49B258008CDDFF /* LaunchScreen.storyboard */; };
		FA2573671F49B8C9008CDDFF /* NoteData.swift in Sources */ = {isa = PBXBuildFile; fileRef = FA2573661F49B8C9008CDDFF /* NoteData.swift */; };
		FA47D4531F4B081700DB95BA /* BodyText.swift in Sources */ = {isa = PBXBuildFile; fileRef = FA47D4521F4B081700DB95BA /* BodyText.swift */; };
		FA47D4551F4B112900DB95BA /* TextViewController.swift in Sources */ = {isa = PBXBuildFile; fileRef = FA47D4541F4B112900DB95BA /* TextViewController.swift */; };
		FA78FD851F6961A500198307 /* Localizable.strings in Resources */ = {isa = PBXBuildFile; fileRef = FA78FD871F6961A500198307 /* Localizable.strings */; };
		FA87A2C21FB0A94100A1E553 /* FuncSettings.swift in Sources */ = {isa = PBXBuildFile; fileRef = FA87A2C11FB0A94100A1E553 /* FuncSettings.swift */; };
		FA8AB722201754E6006B03A7 /* Reachability.swift in Sources */ = {isa = PBXBuildFile; fileRef = FA8AB721201754E6006B03A7 /* Reachability.swift */; };
		FABE76441F49C3E500C7E1C1 /* ManagerData.swift in Sources */ = {isa = PBXBuildFile; fileRef = FABE76431F49C3E500C7E1C1 /* ManagerData.swift */; };
		FABE76461F49C4C300C7E1C1 /* ViewController.swift in Sources */ = {isa = PBXBuildFile; fileRef = FABE76451F49C4C300C7E1C1 /* ViewController.swift */; };
/* End PBXBuildFile section */

/* Begin PBXFileReference section */
		0CDC656492DB3F45143AD0B8 /* Pods-Nooot.release.xcconfig */ = {isa = PBXFileReference; includeInIndex = 1; lastKnownFileType = text.xcconfig; name = "Pods-Nooot.release.xcconfig"; path = "Pods/Target Support Files/Pods-Nooot/Pods-Nooot.release.xcconfig"; sourceTree = "<group>"; };
		6872930B57557BB47224EF8D /* Pods_Nooot.framework */ = {isa = PBXFileReference; explicitFileType = wrapper.framework; includeInIndex = 0; path = Pods_Nooot.framework; sourceTree = BUILT_PRODUCTS_DIR; };
		D5422728B2FAC14F846340B0 /* Pods-Nooot.debug.xcconfig */ = {isa = PBXFileReference; includeInIndex = 1; lastKnownFileType = text.xcconfig; name = "Pods-Nooot.debug.xcconfig"; path = "Pods/Target Support Files/Pods-Nooot/Pods-Nooot.debug.xcconfig"; sourceTree = "<group>"; };
		FA1282282039B051000C50D0 /* Dates.swift */ = {isa = PBXFileReference; lastKnownFileType = sourcecode.swift; path = Dates.swift; sourceTree = "<group>"; };
		FA2573511F49B257008CDDFF /* Nooot.app */ = {isa = PBXFileReference; explicitFileType = wrapper.application; includeInIndex = 0; path = Nooot.app; sourceTree = BUILT_PRODUCTS_DIR; };
		FA2573541F49B257008CDDFF /* AppDelegate.swift */ = {isa = PBXFileReference; lastKnownFileType = sourcecode.swift; path = AppDelegate.swift; sourceTree = "<group>"; };
		FA2573591F49B258008CDDFF /* Base */ = {isa = PBXFileReference; lastKnownFileType = file.storyboard; name = Base; path = Base.lproj/Main.storyboard; sourceTree = "<group>"; };
		FA25735B1F49B258008CDDFF /* Assets.xcassets */ = {isa = PBXFileReference; lastKnownFileType = folder.assetcatalog; path = Assets.xcassets; sourceTree = "<group>"; };
		FA25735E1F49B258008CDDFF /* Base */ = {isa = PBXFileReference; lastKnownFileType = file.storyboard; name = Base; path = Base.lproj/LaunchScreen.storyboard; sourceTree = "<group>"; };
		FA2573601F49B258008CDDFF /* Info.plist */ = {isa = PBXFileReference; lastKnownFileType = text.plist.xml; path = Info.plist; sourceTree = "<group>"; };
		FA2573661F49B8C9008CDDFF /* NoteData.swift */ = {isa = PBXFileReference; fileEncoding = 4; lastKnownFileType = sourcecode.swift; path = NoteData.swift; sourceTree = "<group>"; };
		FA47D4521F4B081700DB95BA /* BodyText.swift */ = {isa = PBXFileReference; fileEncoding = 4; lastKnownFileType = sourcecode.swift; path = BodyText.swift; sourceTree = "<group>"; };
		FA47D4541F4B112900DB95BA /* TextViewController.swift */ = {isa = PBXFileReference; fileEncoding = 4; lastKnownFileType = sourcecode.swift; path = TextViewController.swift; sourceTree = "<group>"; };
		FA78FD861F6961A500198307 /* Base */ = {isa = PBXFileReference; lastKnownFileType = text.plist.strings; name = Base; path = Base.lproj/Localizable.strings; sourceTree = "<group>"; };
		FA78FD891F6961C000198307 /* ru */ = {isa = PBXFileReference; lastKnownFileType = text.plist.strings; name = ru; path = ru.lproj/Main.strings; sourceTree = "<group>"; };
		FA78FD8A1F6961C000198307 /* ru */ = {isa = PBXFileReference; lastKnownFileType = text.plist.strings; name = ru; path = ru.lproj/LaunchScreen.strings; sourceTree = "<group>"; };
		FA78FD8B1F6961C100198307 /* ru */ = {isa = PBXFileReference; lastKnownFileType = text.plist.strings; name = ru; path = ru.lproj/Localizable.strings; sourceTree = "<group>"; };
		FA87A2C11FB0A94100A1E553 /* FuncSettings.swift */ = {isa = PBXFileReference; lastKnownFileType = sourcecode.swift; path = FuncSettings.swift; sourceTree = "<group>"; };
		FA8AB721201754E6006B03A7 /* Reachability.swift */ = {isa = PBXFileReference; lastKnownFileType = sourcecode.swift; path = Reachability.swift; sourceTree = "<group>"; };
		FABE76431F49C3E500C7E1C1 /* ManagerData.swift */ = {isa = PBXFileReference; fileEncoding = 4; lastKnownFileType = sourcecode.swift; path = ManagerData.swift; sourceTree = "<group>"; };
		FABE76451F49C4C300C7E1C1 /* ViewController.swift */ = {isa = PBXFileReference; fileEncoding = 4; lastKnownFileType = sourcecode.swift; path = ViewController.swift; sourceTree = "<group>"; };
/* End PBXFileReference section */

/* Begin PBXFrameworksBuildPhase section */
		FA25734E1F49B257008CDDFF /* Frameworks */ = {
			isa = PBXFrameworksBuildPhase;
			buildActionMask = 2147483647;
			files = (
				A035D57694163CAFC89153A4 /* Pods_Nooot.framework in Frameworks */,
			);
			runOnlyForDeploymentPostprocessing = 0;
		};
/* End PBXFrameworksBuildPhase section */

/* Begin PBXGroup section */
		4C7FC77A65B1A113D33C3884 /* Pods */ = {
			isa = PBXGroup;
			children = (
				D5422728B2FAC14F846340B0 /* Pods-Nooot.debug.xcconfig */,
				0CDC656492DB3F45143AD0B8 /* Pods-Nooot.release.xcconfig */,
			);
			name = Pods;
			sourceTree = "<group>";
		};
		8E9666915BCCEDAB9A83270A /* Frameworks */ = {
			isa = PBXGroup;
			children = (
				6872930B57557BB47224EF8D /* Pods_Nooot.framework */,
			);
			name = Frameworks;
			sourceTree = "<group>";
		};
		FA1282272039B039000C50D0 /* Note Data */ = {
			isa = PBXGroup;
			children = (
				FA2573661F49B8C9008CDDFF /* NoteData.swift */,
				FA47D4521F4B081700DB95BA /* BodyText.swift */,
				FA1282282039B051000C50D0 /* Dates.swift */,
			);
			path = "Note Data";
			sourceTree = "<group>";
		};
		FA2573481F49B257008CDDFF = {
			isa = PBXGroup;
			children = (
				FA2573531F49B257008CDDFF /* Nooot */,
				FA2573521F49B257008CDDFF /* Products */,
				4C7FC77A65B1A113D33C3884 /* Pods */,
				8E9666915BCCEDAB9A83270A /* Frameworks */,
			);
			sourceTree = "<group>";
		};
		FA2573521F49B257008CDDFF /* Products */ = {
			isa = PBXGroup;
			children = (
				FA2573511F49B257008CDDFF /* Nooot.app */,
			);
			name = Products;
			sourceTree = "<group>";
		};
		FA2573531F49B257008CDDFF /* Nooot */ = {
			isa = PBXGroup;
			children = (
				FA1282272039B039000C50D0 /* Note Data */,
				FA2573541F49B257008CDDFF /* AppDelegate.swift */,
				FA8AB721201754E6006B03A7 /* Reachability.swift */,
				FABE76431F49C3E500C7E1C1 /* ManagerData.swift */,
				FA87A2C11FB0A94100A1E553 /* FuncSettings.swift */,
				FABE76451F49C4C300C7E1C1 /* ViewController.swift */,
				FA47D4541F4B112900DB95BA /* TextViewController.swift */,
				FA2573581F49B258008CDDFF /* Main.storyboard */,
				FA25735B1F49B258008CDDFF /* Assets.xcassets */,
				FA25735D1F49B258008CDDFF /* LaunchScreen.storyboard */,
				FA2573601F49B258008CDDFF /* Info.plist */,
				FA78FD871F6961A500198307 /* Localizable.strings */,
			);
			path = Nooot;
			sourceTree = "<group>";
		};
/* End PBXGroup section */

/* Begin PBXNativeTarget section */
		FA2573501F49B257008CDDFF /* Nooot */ = {
			isa = PBXNativeTarget;
			buildConfigurationList = FA2573631F49B258008CDDFF /* Build configuration list for PBXNativeTarget "Nooot" */;
			buildPhases = (
				D3E27BE14048F99745DFEAD8 /* [CP] Check Pods Manifest.lock */,
				FA25734D1F49B257008CDDFF /* Sources */,
				FA25734E1F49B257008CDDFF /* Frameworks */,
				FA25734F1F49B257008CDDFF /* Resources */,
				BFEE70D6F348A0A09B2522B8 /* [CP] Embed Pods Frameworks */,
				D88AF24BE973CF9B1737D84B /* [CP] Copy Pods Resources */,
			);
			buildRules = (
			);
			dependencies = (
			);
			name = Nooot;
			productName = Nooot;
			productReference = FA2573511F49B257008CDDFF /* Nooot.app */;
			productType = "com.apple.product-type.application";
		};
/* End PBXNativeTarget section */

/* Begin PBXProject section */
		FA2573491F49B257008CDDFF /* Project object */ = {
			isa = PBXProject;
			attributes = {
				LastSwiftUpdateCheck = 0830;
				LastUpgradeCheck = 0830;
				ORGANIZATIONNAME = "Анатолий Модестов";
				TargetAttributes = {
					FA2573501F49B257008CDDFF = {
						CreatedOnToolsVersion = 8.3.3;
						DevelopmentTeam = GAU33Q8VQF;
						ProvisioningStyle = Automatic;
					};
				};
			};
			buildConfigurationList = FA25734C1F49B257008CDDFF /* Build configuration list for PBXProject "Nooot" */;
			compatibilityVersion = "Xcode 3.2";
			developmentRegion = English;
			hasScannedForEncodings = 0;
			knownRegions = (
				en,
				Base,
				ru,
			);
			mainGroup = FA2573481F49B257008CDDFF;
			productRefGroup = FA2573521F49B257008CDDFF /* Products */;
			projectDirPath = "";
			projectRoot = "";
			targets = (
				FA2573501F49B257008CDDFF /* Nooot */,
			);
		};
/* End PBXProject section */

/* Begin PBXResourcesBuildPhase section */
		FA25734F1F49B257008CDDFF /* Resources */ = {
			isa = PBXResourcesBuildPhase;
			buildActionMask = 2147483647;
			files = (
				FA25735F1F49B258008CDDFF /* LaunchScreen.storyboard in Resources */,
				FA78FD851F6961A500198307 /* Localizable.strings in Resources */,
				FA25735C1F49B258008CDDFF /* Assets.xcassets in Resources */,
				FA25735A1F49B258008CDDFF /* Main.storyboard in Resources */,
			);
			runOnlyForDeploymentPostprocessing = 0;
		};
/* End PBXResourcesBuildPhase section */

/* Begin PBXShellScriptBuildPhase section */
		BFEE70D6F348A0A09B2522B8 /* [CP] Embed Pods Frameworks */ = {
			isa = PBXShellScriptBuildPhase;
			buildActionMask = 2147483647;
			files = (
			);
			inputPaths = (
			);
			name = "[CP] Embed Pods Frameworks";
			outputPaths = (
			);
			runOnlyForDeploymentPostprocessing = 0;
			shellPath = /bin/sh;
			shellScript = "\"${SRCROOT}/Pods/Target Support Files/Pods-Nooot/Pods-Nooot-frameworks.sh\"\n";
			showEnvVarsInLog = 0;
		};
		D3E27BE14048F99745DFEAD8 /* [CP] Check Pods Manifest.lock */ = {
			isa = PBXShellScriptBuildPhase;
			buildActionMask = 2147483647;
			files = (
			);
			inputPaths = (
			);
			name = "[CP] Check Pods Manifest.lock";
			outputPaths = (
			);
			runOnlyForDeploymentPostprocessing = 0;
			shellPath = /bin/sh;
			shellScript = "diff \"${PODS_PODFILE_DIR_PATH}/Podfile.lock\" \"${PODS_ROOT}/Manifest.lock\" > /dev/null\nif [ $? != 0 ] ; then\n    # print error to STDERR\n    echo \"error: The sandbox is not in sync with the Podfile.lock. Run 'pod install' or update your CocoaPods installation.\" >&2\n    exit 1\nfi\n";
			showEnvVarsInLog = 0;
		};
		D88AF24BE973CF9B1737D84B /* [CP] Copy Pods Resources */ = {
			isa = PBXShellScriptBuildPhase;
			buildActionMask = 2147483647;
			files = (
			);
			inputPaths = (
			);
			name = "[CP] Copy Pods Resources";
			outputPaths = (
			);
			runOnlyForDeploymentPostprocessing = 0;
			shellPath = /bin/sh;
			shellScript = "\"${SRCROOT}/Pods/Target Support Files/Pods-Nooot/Pods-Nooot-resources.sh\"\n";
			showEnvVarsInLog = 0;
		};
/* End PBXShellScriptBuildPhase section */

/* Begin PBXSourcesBuildPhase section */
		FA25734D1F49B257008CDDFF /* Sources */ = {
			isa = PBXSourcesBuildPhase;
			buildActionMask = 2147483647;
			files = (
				FA47D4531F4B081700DB95BA /* BodyText.swift in Sources */,
				FABE76441F49C3E500C7E1C1 /* ManagerData.swift in Sources */,
				FA87A2C21FB0A94100A1E553 /* FuncSettings.swift in Sources */,
				FA2573671F49B8C9008CDDFF /* NoteData.swift in Sources */,
				FABE76461F49C4C300C7E1C1 /* ViewController.swift in Sources */,
				FA2573551F49B257008CDDFF /* AppDelegate.swift in Sources */,
				FA1282292039B051000C50D0 /* Dates.swift in Sources */,
				FA47D4551F4B112900DB95BA /* TextViewController.swift in Sources */,
				FA8AB722201754E6006B03A7 /* Reachability.swift in Sources */,
			);
			runOnlyForDeploymentPostprocessing = 0;
		};
/* End PBXSourcesBuildPhase section */

/* Begin PBXVariantGroup section */
		FA2573581F49B258008CDDFF /* Main.storyboard */ = {
			isa = PBXVariantGroup;
			children = (
				FA2573591F49B258008CDDFF /* Base */,
				FA78FD891F6961C000198307 /* ru */,
			);
			name = Main.storyboard;
			sourceTree = "<group>";
		};
		FA25735D1F49B258008CDDFF /* LaunchScreen.storyboard */ = {
			isa = PBXVariantGroup;
			children = (
				FA25735E1F49B258008CDDFF /* Base */,
				FA78FD8A1F6961C000198307 /* ru */,
			);
			name = LaunchScreen.storyboard;
			sourceTree = "<group>";
		};
		FA78FD871F6961A500198307 /* Localizable.strings */ = {
			isa = PBXVariantGroup;
			children = (
				FA78FD861F6961A500198307 /* Base */,
				FA78FD8B1F6961C100198307 /* ru */,
			);
			name = Localizable.strings;
			sourceTree = "<group>";
		};
/* End PBXVariantGroup section */

/* Begin XCBuildConfiguration section */
		FA2573611F49B258008CDDFF /* Debug */ = {
			isa = XCBuildConfiguration;
			buildSettings = {
				ALWAYS_SEARCH_USER_PATHS = NO;
				CLANG_ANALYZER_LOCALIZABILITY_NONLOCALIZED = YES;
				CLANG_ANALYZER_NONNULL = YES;
				CLANG_ANALYZER_NUMBER_OBJECT_CONVERSION = YES_AGGRESSIVE;
				CLANG_CXX_LANGUAGE_STANDARD = "gnu++0x";
				CLANG_CXX_LIBRARY = "libc++";
				CLANG_ENABLE_MODULES = YES;
				CLANG_ENABLE_OBJC_ARC = YES;
				CLANG_WARN_BOOL_CONVERSION = YES;
				CLANG_WARN_CONSTANT_CONVERSION = YES;
				CLANG_WARN_DIRECT_OBJC_ISA_USAGE = YES_ERROR;
				CLANG_WARN_DOCUMENTATION_COMMENTS = YES;
				CLANG_WARN_EMPTY_BODY = YES;
				CLANG_WARN_ENUM_CONVERSION = YES;
				CLANG_WARN_INFINITE_RECURSION = YES;
				CLANG_WARN_INT_CONVERSION = YES;
				CLANG_WARN_OBJC_ROOT_CLASS = YES_ERROR;
				CLANG_WARN_SUSPICIOUS_MOVE = YES;
				CLANG_WARN_UNREACHABLE_CODE = YES;
				CLANG_WARN__DUPLICATE_METHOD_MATCH = YES;
				"CODE_SIGN_IDENTITY[sdk=iphoneos*]" = "iPhone Developer";
				COPY_PHASE_STRIP = NO;
				DEBUG_INFORMATION_FORMAT = dwarf;
				ENABLE_STRICT_OBJC_MSGSEND = YES;
				ENABLE_TESTABILITY = YES;
				GCC_C_LANGUAGE_STANDARD = gnu99;
				GCC_DYNAMIC_NO_PIC = NO;
				GCC_NO_COMMON_BLOCKS = YES;
				GCC_OPTIMIZATION_LEVEL = 0;
				GCC_PREPROCESSOR_DEFINITIONS = (
					"DEBUG=1",
					"$(inherited)",
				);
				GCC_WARN_64_TO_32_BIT_CONVERSION = YES;
				GCC_WARN_ABOUT_RETURN_TYPE = YES_ERROR;
				GCC_WARN_UNDECLARED_SELECTOR = YES;
				GCC_WARN_UNINITIALIZED_AUTOS = YES_AGGRESSIVE;
				GCC_WARN_UNUSED_FUNCTION = YES;
				GCC_WARN_UNUSED_VARIABLE = YES;
				IPHONEOS_DEPLOYMENT_TARGET = 8.0;
				MTL_ENABLE_DEBUG_INFO = YES;
				ONLY_ACTIVE_ARCH = YES;
				SDKROOT = iphoneos;
				SWIFT_ACTIVE_COMPILATION_CONDITIONS = DEBUG;
				SWIFT_OPTIMIZATION_LEVEL = "-Onone";
			};
			name = Debug;
		};
		FA2573621F49B258008CDDFF /* Release */ = {
			isa = XCBuildConfiguration;
			buildSettings = {
				ALWAYS_SEARCH_USER_PATHS = NO;
				CLANG_ANALYZER_LOCALIZABILITY_NONLOCALIZED = YES;
				CLANG_ANALYZER_NONNULL = YES;
				CLANG_ANALYZER_NUMBER_OBJECT_CONVERSION = YES_AGGRESSIVE;
				CLANG_CXX_LANGUAGE_STANDARD = "gnu++0x";
				CLANG_CXX_LIBRARY = "libc++";
				CLANG_ENABLE_MODULES = YES;
				CLANG_ENABLE_OBJC_ARC = YES;
				CLANG_WARN_BOOL_CONVERSION = YES;
				CLANG_WARN_CONSTANT_CONVERSION = YES;
				CLANG_WARN_DIRECT_OBJC_ISA_USAGE = YES_ERROR;
				CLANG_WARN_DOCUMENTATION_COMMENTS = YES;
				CLANG_WARN_EMPTY_BODY = YES;
				CLANG_WARN_ENUM_CONVERSION = YES;
				CLANG_WARN_INFINITE_RECURSION = YES;
				CLANG_WARN_INT_CONVERSION = YES;
				CLANG_WARN_OBJC_ROOT_CLASS = YES_ERROR;
				CLANG_WARN_SUSPICIOUS_MOVE = YES;
				CLANG_WARN_UNREACHABLE_CODE = YES;
				CLANG_WARN__DUPLICATE_METHOD_MATCH = YES;
				"CODE_SIGN_IDENTITY[sdk=iphoneos*]" = "iPhone Developer";
				COPY_PHASE_STRIP = NO;
				DEBUG_INFORMATION_FORMAT = "dwarf-with-dsym";
				ENABLE_NS_ASSERTIONS = NO;
				ENABLE_STRICT_OBJC_MSGSEND = YES;
				GCC_C_LANGUAGE_STANDARD = gnu99;
				GCC_NO_COMMON_BLOCKS = YES;
				GCC_WARN_64_TO_32_BIT_CONVERSION = YES;
				GCC_WARN_ABOUT_RETURN_TYPE = YES_ERROR;
				GCC_WARN_UNDECLARED_SELECTOR = YES;
				GCC_WARN_UNINITIALIZED_AUTOS = YES_AGGRESSIVE;
				GCC_WARN_UNUSED_FUNCTION = YES;
				GCC_WARN_UNUSED_VARIABLE = YES;
				IPHONEOS_DEPLOYMENT_TARGET = 8.0;
				MTL_ENABLE_DEBUG_INFO = NO;
				SDKROOT = iphoneos;
				SWIFT_OPTIMIZATION_LEVEL = "-Owholemodule";
				VALIDATE_PRODUCT = YES;
			};
			name = Release;
		};
		FA2573641F49B258008CDDFF /* Debug */ = {
			isa = XCBuildConfiguration;
			baseConfigurationReference = D5422728B2FAC14F846340B0 /* Pods-Nooot.debug.xcconfig */;
			buildSettings = {
				ASSETCATALOG_COMPILER_APPICON_NAME = AppIcon;
				DEVELOPMENT_TEAM = GAU33Q8VQF;
				INFOPLIST_FILE = Nooot/Info.plist;
				LD_RUNPATH_SEARCH_PATHS = "$(inherited) @executable_path/Frameworks";
				PRODUCT_BUNDLE_IDENTIFIER = co.nooot;
				PRODUCT_NAME = "$(TARGET_NAME)";
				SWIFT_VERSION = 3.0;
			};
			name = Debug;
		};
		FA2573651F49B258008CDDFF /* Release */ = {
			isa = XCBuildConfiguration;
			baseConfigurationReference = 0CDC656492DB3F45143AD0B8 /* Pods-Nooot.release.xcconfig */;
			buildSettings = {
				ASSETCATALOG_COMPILER_APPICON_NAME = AppIcon;
				DEVELOPMENT_TEAM = GAU33Q8VQF;
				INFOPLIST_FILE = Nooot/Info.plist;
				LD_RUNPATH_SEARCH_PATHS = "$(inherited) @executable_path/Frameworks";
				PRODUCT_BUNDLE_IDENTIFIER = co.nooot;
				PRODUCT_NAME = "$(TARGET_NAME)";
				SWIFT_VERSION = 3.0;
			};
			name = Release;
		};
/* End XCBuildConfiguration section */

/* Begin XCConfigurationList section */
		FA25734C1F49B257008CDDFF /* Build configuration list for PBXProject "Nooot" */ = {
			isa = XCConfigurationList;
			buildConfigurations = (
				FA2573611F49B258008CDDFF /* Debug */,
				FA2573621F49B258008CDDFF /* Release */,
			);
			defaultConfigurationIsVisible = 0;
			defaultConfigurationName = Release;
		};
		FA2573631F49B258008CDDFF /* Build configuration list for PBXNativeTarget "Nooot" */ = {
			isa = XCConfigurationList;
			buildConfigurations = (
				FA2573641F49B258008CDDFF /* Debug */,
				FA2573651F49B258008CDDFF /* Release */,
			);
			defaultConfigurationIsVisible = 0;
			defaultConfigurationName = Release;
		};
/* End XCConfigurationList section */
	};
	rootObject = FA2573491F49B257008CDDFF /* Project object */;
}
